// !$*UTF8*$!
{
	archiveVersion = 1;
	classes = {
	};
	objectVersion = 50;
	objects = {

/* Begin PBXBuildFile section */
		46C6AABF24DEAFFF00137F75 /* Double+Round.swift in Sources */ = {isa = PBXBuildFile; fileRef = 46C6AABE24DEAFFF00137F75 /* Double+Round.swift */; };
		46CF670524DC19DD00FEDF34 /* AppDelegate.swift in Sources */ = {isa = PBXBuildFile; fileRef = 46CF670424DC19DD00FEDF34 /* AppDelegate.swift */; };
		46CF670724DC19DD00FEDF34 /* SceneDelegate.swift in Sources */ = {isa = PBXBuildFile; fileRef = 46CF670624DC19DD00FEDF34 /* SceneDelegate.swift */; };
		46CF670924DC19DD00FEDF34 /* ViewController.swift in Sources */ = {isa = PBXBuildFile; fileRef = 46CF670824DC19DD00FEDF34 /* ViewController.swift */; };
		46CF670C24DC19DD00FEDF34 /* Main.storyboard in Resources */ = {isa = PBXBuildFile; fileRef = 46CF670A24DC19DD00FEDF34 /* Main.storyboard */; };
		46CF670E24DC19DE00FEDF34 /* Assets.xcassets in Resources */ = {isa = PBXBuildFile; fileRef = 46CF670D24DC19DE00FEDF34 /* Assets.xcassets */; };
		46CF671124DC19DE00FEDF34 /* LaunchScreen.storyboard in Resources */ = {isa = PBXBuildFile; fileRef = 46CF670F24DC19DE00FEDF34 /* LaunchScreen.storyboard */; };
		46CF671C24DC19DF00FEDF34 /* VideoRotationTests.swift in Sources */ = {isa = PBXBuildFile; fileRef = 46CF671B24DC19DF00FEDF34 /* VideoRotationTests.swift */; };
		46CF672724DC19DF00FEDF34 /* VideoRotationUITests.swift in Sources */ = {isa = PBXBuildFile; fileRef = 46CF672624DC19DF00FEDF34 /* VideoRotationUITests.swift */; };
		46CF673524DC19F900FEDF34 /* rodney-thps3.mp4 in Resources */ = {isa = PBXBuildFile; fileRef = 46CF673424DC19F900FEDF34 /* rodney-thps3.mp4 */; };
/* End PBXBuildFile section */

/* Begin PBXContainerItemProxy section */
		46CF671824DC19DF00FEDF34 /* PBXContainerItemProxy */ = {
			isa = PBXContainerItemProxy;
			containerPortal = 46CF66F924DC19DD00FEDF34 /* Project object */;
			proxyType = 1;
			remoteGlobalIDString = 46CF670024DC19DD00FEDF34;
			remoteInfo = VideoRotation;
		};
		46CF672324DC19DF00FEDF34 /* PBXContainerItemProxy */ = {
			isa = PBXContainerItemProxy;
			containerPortal = 46CF66F924DC19DD00FEDF34 /* Project object */;
			proxyType = 1;
			remoteGlobalIDString = 46CF670024DC19DD00FEDF34;
			remoteInfo = VideoRotation;
		};
/* End PBXContainerItemProxy section */

/* Begin PBXFileReference section */
		46C6AABE24DEAFFF00137F75 /* Double+Round.swift */ = {isa = PBXFileReference; lastKnownFileType = sourcecode.swift; path = "Double+Round.swift"; sourceTree = "<group>"; };
		46CF670124DC19DD00FEDF34 /* VideoRotation.app */ = {isa = PBXFileReference; explicitFileType = wrapper.application; includeInIndex = 0; path = VideoRotation.app; sourceTree = BUILT_PRODUCTS_DIR; };
		46CF670424DC19DD00FEDF34 /* AppDelegate.swift */ = {isa = PBXFileReference; lastKnownFileType = sourcecode.swift; path = AppDelegate.swift; sourceTree = "<group>"; };
		46CF670624DC19DD00FEDF34 /* SceneDelegate.swift */ = {isa = PBXFileReference; lastKnownFileType = sourcecode.swift; path = SceneDelegate.swift; sourceTree = "<group>"; };
		46CF670824DC19DD00FEDF34 /* ViewController.swift */ = {isa = PBXFileReference; lastKnownFileType = sourcecode.swift; path = ViewController.swift; sourceTree = "<group>"; };
		46CF670B24DC19DD00FEDF34 /* Base */ = {isa = PBXFileReference; lastKnownFileType = file.storyboard; name = Base; path = Base.lproj/Main.storyboard; sourceTree = "<group>"; };
		46CF670D24DC19DE00FEDF34 /* Assets.xcassets */ = {isa = PBXFileReference; lastKnownFileType = folder.assetcatalog; path = Assets.xcassets; sourceTree = "<group>"; };
		46CF671024DC19DE00FEDF34 /* Base */ = {isa = PBXFileReference; lastKnownFileType = file.storyboard; name = Base; path = Base.lproj/LaunchScreen.storyboard; sourceTree = "<group>"; };
		46CF671224DC19DE00FEDF34 /* Info.plist */ = {isa = PBXFileReference; lastKnownFileType = text.plist.xml; path = Info.plist; sourceTree = "<group>"; };
		46CF671724DC19DF00FEDF34 /* VideoRotationTests.xctest */ = {isa = PBXFileReference; explicitFileType = wrapper.cfbundle; includeInIndex = 0; path = VideoRotationTests.xctest; sourceTree = BUILT_PRODUCTS_DIR; };
		46CF671B24DC19DF00FEDF34 /* VideoRotationTests.swift */ = {isa = PBXFileReference; lastKnownFileType = sourcecode.swift; path = VideoRotationTests.swift; sourceTree = "<group>"; };
		46CF671D24DC19DF00FEDF34 /* Info.plist */ = {isa = PBXFileReference; lastKnownFileType = text.plist.xml; path = Info.plist; sourceTree = "<group>"; };
		46CF672224DC19DF00FEDF34 /* VideoRotationUITests.xctest */ = {isa = PBXFileReference; explicitFileType = wrapper.cfbundle; includeInIndex = 0; path = VideoRotationUITests.xctest; sourceTree = BUILT_PRODUCTS_DIR; };
		46CF672624DC19DF00FEDF34 /* VideoRotationUITests.swift */ = {isa = PBXFileReference; lastKnownFileType = sourcecode.swift; path = VideoRotationUITests.swift; sourceTree = "<group>"; };
		46CF672824DC19DF00FEDF34 /* Info.plist */ = {isa = PBXFileReference; lastKnownFileType = text.plist.xml; path = Info.plist; sourceTree = "<group>"; };
		46CF673424DC19F900FEDF34 /* rodney-thps3.mp4 */ = {isa = PBXFileReference; lastKnownFileType = file; path = "rodney-thps3.mp4"; sourceTree = "<group>"; };
/* End PBXFileReference section */

/* Begin PBXFrameworksBuildPhase section */
		46CF66FE24DC19DD00FEDF34 /* Frameworks */ = {
			isa = PBXFrameworksBuildPhase;
			buildActionMask = 2147483647;
			files = (
			);
			runOnlyForDeploymentPostprocessing = 0;
		};
		46CF671424DC19DF00FEDF34 /* Frameworks */ = {
			isa = PBXFrameworksBuildPhase;
			buildActionMask = 2147483647;
			files = (
			);
			runOnlyForDeploymentPostprocessing = 0;
		};
		46CF671F24DC19DF00FEDF34 /* Frameworks */ = {
			isa = PBXFrameworksBuildPhase;
			buildActionMask = 2147483647;
			files = (
			);
			runOnlyForDeploymentPostprocessing = 0;
		};
/* End PBXFrameworksBuildPhase section */

/* Begin PBXGroup section */
		46C6AAC024DEBB2200137F75 /* Extension */ = {
			isa = PBXGroup;
			children = (
				46C6AABE24DEAFFF00137F75 /* Double+Round.swift */,
			);
			path = Extension;
			sourceTree = "<group>";
		};
		46CF66F824DC19DD00FEDF34 = {
			isa = PBXGroup;
			children = (
				46C6AAC024DEBB2200137F75 /* Extension */,
				46CF673424DC19F900FEDF34 /* rodney-thps3.mp4 */,
				46CF670324DC19DD00FEDF34 /* VideoRotation */,
				46CF671A24DC19DF00FEDF34 /* VideoRotationTests */,
				46CF672524DC19DF00FEDF34 /* VideoRotationUITests */,
				46CF670224DC19DD00FEDF34 /* Products */,
			);
			sourceTree = "<group>";
		};
		46CF670224DC19DD00FEDF34 /* Products */ = {
			isa = PBXGroup;
			children = (
				46CF670124DC19DD00FEDF34 /* VideoRotation.app */,
				46CF671724DC19DF00FEDF34 /* VideoRotationTests.xctest */,
				46CF672224DC19DF00FEDF34 /* VideoRotationUITests.xctest */,
			);
			name = Products;
			sourceTree = "<group>";
		};
		46CF670324DC19DD00FEDF34 /* VideoRotation */ = {
			isa = PBXGroup;
			children = (
				46CF670424DC19DD00FEDF34 /* AppDelegate.swift */,
				46CF670624DC19DD00FEDF34 /* SceneDelegate.swift */,
				46CF670824DC19DD00FEDF34 /* ViewController.swift */,
				46CF670A24DC19DD00FEDF34 /* Main.storyboard */,
				46CF670D24DC19DE00FEDF34 /* Assets.xcassets */,
				46CF670F24DC19DE00FEDF34 /* LaunchScreen.storyboard */,
				46CF671224DC19DE00FEDF34 /* Info.plist */,
			);
			path = VideoRotation;
			sourceTree = "<group>";
		};
		46CF671A24DC19DF00FEDF34 /* VideoRotationTests */ = {
			isa = PBXGroup;
			children = (
				46CF671B24DC19DF00FEDF34 /* VideoRotationTests.swift */,
				46CF671D24DC19DF00FEDF34 /* Info.plist */,
			);
			path = VideoRotationTests;
			sourceTree = "<group>";
		};
		46CF672524DC19DF00FEDF34 /* VideoRotationUITests */ = {
			isa = PBXGroup;
			children = (
				46CF672624DC19DF00FEDF34 /* VideoRotationUITests.swift */,
				46CF672824DC19DF00FEDF34 /* Info.plist */,
			);
			path = VideoRotationUITests;
			sourceTree = "<group>";
		};
/* End PBXGroup section */

/* Begin PBXNativeTarget section */
		46CF670024DC19DD00FEDF34 /* VideoRotation */ = {
			isa = PBXNativeTarget;
			buildConfigurationList = 46CF672B24DC19DF00FEDF34 /* Build configuration list for PBXNativeTarget "VideoRotation" */;
			buildPhases = (
				46CF66FD24DC19DD00FEDF34 /* Sources */,
				46CF66FE24DC19DD00FEDF34 /* Frameworks */,
				46CF66FF24DC19DD00FEDF34 /* Resources */,
			);
			buildRules = (
			);
			dependencies = (
			);
			name = VideoRotation;
			productName = VideoRotation;
			productReference = 46CF670124DC19DD00FEDF34 /* VideoRotation.app */;
			productType = "com.apple.product-type.application";
		};
		46CF671624DC19DF00FEDF34 /* VideoRotationTests */ = {
			isa = PBXNativeTarget;
			buildConfigurationList = 46CF672E24DC19DF00FEDF34 /* Build configuration list for PBXNativeTarget "VideoRotationTests" */;
			buildPhases = (
				46CF671324DC19DF00FEDF34 /* Sources */,
				46CF671424DC19DF00FEDF34 /* Frameworks */,
				46CF671524DC19DF00FEDF34 /* Resources */,
			);
			buildRules = (
			);
			dependencies = (
				46CF671924DC19DF00FEDF34 /* PBXTargetDependency */,
			);
			name = VideoRotationTests;
			productName = VideoRotationTests;
			productReference = 46CF671724DC19DF00FEDF34 /* VideoRotationTests.xctest */;
			productType = "com.apple.product-type.bundle.unit-test";
		};
		46CF672124DC19DF00FEDF34 /* VideoRotationUITests */ = {
			isa = PBXNativeTarget;
			buildConfigurationList = 46CF673124DC19DF00FEDF34 /* Build configuration list for PBXNativeTarget "VideoRotationUITests" */;
			buildPhases = (
				46CF671E24DC19DF00FEDF34 /* Sources */,
				46CF671F24DC19DF00FEDF34 /* Frameworks */,
				46CF672024DC19DF00FEDF34 /* Resources */,
			);
			buildRules = (
			);
			dependencies = (
				46CF672424DC19DF00FEDF34 /* PBXTargetDependency */,
			);
			name = VideoRotationUITests;
			productName = VideoRotationUITests;
			productReference = 46CF672224DC19DF00FEDF34 /* VideoRotationUITests.xctest */;
			productType = "com.apple.product-type.bundle.ui-testing";
		};
/* End PBXNativeTarget section */

/* Begin PBXProject section */
		46CF66F924DC19DD00FEDF34 /* Project object */ = {
			isa = PBXProject;
			attributes = {
				LastSwiftUpdateCheck = 1200;
				LastUpgradeCheck = 1200;
				TargetAttributes = {
					46CF670024DC19DD00FEDF34 = {
						CreatedOnToolsVersion = 12.0;
					};
					46CF671624DC19DF00FEDF34 = {
						CreatedOnToolsVersion = 12.0;
						TestTargetID = 46CF670024DC19DD00FEDF34;
					};
					46CF672124DC19DF00FEDF34 = {
						CreatedOnToolsVersion = 12.0;
						TestTargetID = 46CF670024DC19DD00FEDF34;
					};
				};
			};
			buildConfigurationList = 46CF66FC24DC19DD00FEDF34 /* Build configuration list for PBXProject "VideoRotation" */;
			compatibilityVersion = "Xcode 9.3";
			developmentRegion = en;
			hasScannedForEncodings = 0;
			knownRegions = (
				en,
				Base,
			);
			mainGroup = 46CF66F824DC19DD00FEDF34;
			productRefGroup = 46CF670224DC19DD00FEDF34 /* Products */;
			projectDirPath = "";
			projectRoot = "";
			targets = (
				46CF670024DC19DD00FEDF34 /* VideoRotation */,
				46CF671624DC19DF00FEDF34 /* VideoRotationTests */,
				46CF672124DC19DF00FEDF34 /* VideoRotationUITests */,
			);
		};
/* End PBXProject section */

/* Begin PBXResourcesBuildPhase section */
		46CF66FF24DC19DD00FEDF34 /* Resources */ = {
			isa = PBXResourcesBuildPhase;
			buildActionMask = 2147483647;
			files = (
				46CF671124DC19DE00FEDF34 /* LaunchScreen.storyboard in Resources */,
				46CF670E24DC19DE00FEDF34 /* Assets.xcassets in Resources */,
				46CF670C24DC19DD00FEDF34 /* Main.storyboard in Resources */,
				46CF673524DC19F900FEDF34 /* rodney-thps3.mp4 in Resources */,
			);
			runOnlyForDeploymentPostprocessing = 0;
		};
		46CF671524DC19DF00FEDF34 /* Resources */ = {
			isa = PBXResourcesBuildPhase;
			buildActionMask = 2147483647;
			files = (
			);
			runOnlyForDeploymentPostprocessing = 0;
		};
		46CF672024DC19DF00FEDF34 /* Resources */ = {
			isa = PBXResourcesBuildPhase;
			buildActionMask = 2147483647;
			files = (
			);
			runOnlyForDeploymentPostprocessing = 0;
		};
/* End PBXResourcesBuildPhase section */

/* Begin PBXSourcesBuildPhase section */
		46CF66FD24DC19DD00FEDF34 /* Sources */ = {
			isa = PBXSourcesBuildPhase;
			buildActionMask = 2147483647;
			files = (
				46CF670924DC19DD00FEDF34 /* ViewController.swift in Sources */,
				46CF670524DC19DD00FEDF34 /* AppDelegate.swift in Sources */,
				46CF670724DC19DD00FEDF34 /* SceneDelegate.swift in Sources */,
				46C6AABF24DEAFFF00137F75 /* Double+Round.swift in Sources */,
			);
			runOnlyForDeploymentPostprocessing = 0;
		};
		46CF671324DC19DF00FEDF34 /* Sources */ = {
			isa = PBXSourcesBuildPhase;
			buildActionMask = 2147483647;
			files = (
				46CF671C24DC19DF00FEDF34 /* VideoRotationTests.swift in Sources */,
			);
			runOnlyForDeploymentPostprocessing = 0;
		};
		46CF671E24DC19DF00FEDF34 /* Sources */ = {
			isa = PBXSourcesBuildPhase;
			buildActionMask = 2147483647;
			files = (
				46CF672724DC19DF00FEDF34 /* VideoRotationUITests.swift in Sources */,
			);
			runOnlyForDeploymentPostprocessing = 0;
		};
/* End PBXSourcesBuildPhase section */

/* Begin PBXTargetDependency section */
		46CF671924DC19DF00FEDF34 /* PBXTargetDependency */ = {
			isa = PBXTargetDependency;
			target = 46CF670024DC19DD00FEDF34 /* VideoRotation */;
			targetProxy = 46CF671824DC19DF00FEDF34 /* PBXContainerItemProxy */;
		};
		46CF672424DC19DF00FEDF34 /* PBXTargetDependency */ = {
			isa = PBXTargetDependency;
			target = 46CF670024DC19DD00FEDF34 /* VideoRotation */;
			targetProxy = 46CF672324DC19DF00FEDF34 /* PBXContainerItemProxy */;
		};
/* End PBXTargetDependency section */

/* Begin PBXVariantGroup section */
		46CF670A24DC19DD00FEDF34 /* Main.storyboard */ = {
			isa = PBXVariantGroup;
			children = (
				46CF670B24DC19DD00FEDF34 /* Base */,
			);
			name = Main.storyboard;
			sourceTree = "<group>";
		};
		46CF670F24DC19DE00FEDF34 /* LaunchScreen.storyboard */ = {
			isa = PBXVariantGroup;
			children = (
				46CF671024DC19DE00FEDF34 /* Base */,
			);
			name = LaunchScreen.storyboard;
			sourceTree = "<group>";
		};
/* End PBXVariantGroup section */

/* Begin XCBuildConfiguration section */
		46CF672924DC19DF00FEDF34 /* Debug */ = {
			isa = XCBuildConfiguration;
			buildSettings = {
				ALWAYS_SEARCH_USER_PATHS = NO;
				CLANG_ANALYZER_NONNULL = YES;
				CLANG_ANALYZER_NUMBER_OBJECT_CONVERSION = YES_AGGRESSIVE;
				CLANG_CXX_LANGUAGE_STANDARD = "gnu++14";
				CLANG_CXX_LIBRARY = "libc++";
				CLANG_ENABLE_MODULES = YES;
				CLANG_ENABLE_OBJC_ARC = YES;
				CLANG_ENABLE_OBJC_WEAK = YES;
				CLANG_WARN_BLOCK_CAPTURE_AUTORELEASING = YES;
				CLANG_WARN_BOOL_CONVERSION = YES;
				CLANG_WARN_COMMA = YES;
				CLANG_WARN_CONSTANT_CONVERSION = YES;
				CLANG_WARN_DEPRECATED_OBJC_IMPLEMENTATIONS = YES;
				CLANG_WARN_DIRECT_OBJC_ISA_USAGE = YES_ERROR;
				CLANG_WARN_DOCUMENTATION_COMMENTS = YES;
				CLANG_WARN_EMPTY_BODY = YES;
				CLANG_WARN_ENUM_CONVERSION = YES;
				CLANG_WARN_INFINITE_RECURSION = YES;
				CLANG_WARN_INT_CONVERSION = YES;
				CLANG_WARN_NON_LITERAL_NULL_CONVERSION = YES;
				CLANG_WARN_OBJC_IMPLICIT_RETAIN_SELF = YES;
				CLANG_WARN_OBJC_LITERAL_CONVERSION = YES;
				CLANG_WARN_OBJC_ROOT_CLASS = YES_ERROR;
				CLANG_WARN_QUOTED_INCLUDE_IN_FRAMEWORK_HEADER = YES;
				CLANG_WARN_RANGE_LOOP_ANALYSIS = YES;
				CLANG_WARN_STRICT_PROTOTYPES = YES;
				CLANG_WARN_SUSPICIOUS_MOVE = YES;
				CLANG_WARN_UNGUARDED_AVAILABILITY = YES_AGGRESSIVE;
				CLANG_WARN_UNREACHABLE_CODE = YES;
				CLANG_WARN__DUPLICATE_METHOD_MATCH = YES;
				COPY_PHASE_STRIP = NO;
				DEBUG_INFORMATION_FORMAT = dwarf;
				ENABLE_STRICT_OBJC_MSGSEND = YES;
				ENABLE_TESTABILITY = YES;
				GCC_C_LANGUAGE_STANDARD = gnu11;
				GCC_DYNAMIC_NO_PIC = NO;
				GCC_NO_COMMON_BLOCKS = YES;
				GCC_OPTIMIZATION_LEVEL = 0;
				GCC_PREPROCESSOR_DEFINITIONS = (
					"DEBUG=1",
					"$(inherited)",
				);
				GCC_WARN_64_TO_32_BIT_CONVERSION = YES;
				GCC_WARN_ABOUT_RETURN_TYPE = YES_ERROR;
				GCC_WARN_UNDECLARED_SELECTOR = YES;
				GCC_WARN_UNINITIALIZED_AUTOS = YES_AGGRESSIVE;
				GCC_WARN_UNUSED_FUNCTION = YES;
				GCC_WARN_UNUSED_VARIABLE = YES;
				IPHONEOS_DEPLOYMENT_TARGET = 13.5;
				MTL_ENABLE_DEBUG_INFO = INCLUDE_SOURCE;
				MTL_FAST_MATH = YES;
				ONLY_ACTIVE_ARCH = YES;
				SDKROOT = iphoneos;
				SWIFT_ACTIVE_COMPILATION_CONDITIONS = DEBUG;
				SWIFT_OPTIMIZATION_LEVEL = "-Onone";
			};
			name = Debug;
		};
		46CF672A24DC19DF00FEDF34 /* Release */ = {
			isa = XCBuildConfiguration;
			buildSettings = {
				ALWAYS_SEARCH_USER_PATHS = NO;
				CLANG_ANALYZER_NONNULL = YES;
				CLANG_ANALYZER_NUMBER_OBJECT_CONVERSION = YES_AGGRESSIVE;
				CLANG_CXX_LANGUAGE_STANDARD = "gnu++14";
				CLANG_CXX_LIBRARY = "libc++";
				CLANG_ENABLE_MODULES = YES;
				CLANG_ENABLE_OBJC_ARC = YES;
				CLANG_ENABLE_OBJC_WEAK = YES;
				CLANG_WARN_BLOCK_CAPTURE_AUTORELEASING = YES;
				CLANG_WARN_BOOL_CONVERSION = YES;
				CLANG_WARN_COMMA = YES;
				CLANG_WARN_CONSTANT_CONVERSION = YES;
				CLANG_WARN_DEPRECATED_OBJC_IMPLEMENTATIONS = YES;
				CLANG_WARN_DIRECT_OBJC_ISA_USAGE = YES_ERROR;
				CLANG_WARN_DOCUMENTATION_COMMENTS = YES;
				CLANG_WARN_EMPTY_BODY = YES;
				CLANG_WARN_ENUM_CONVERSION = YES;
				CLANG_WARN_INFINITE_RECURSION = YES;
				CLANG_WARN_INT_CONVERSION = YES;
				CLANG_WARN_NON_LITERAL_NULL_CONVERSION = YES;
				CLANG_WARN_OBJC_IMPLICIT_RETAIN_SELF = YES;
				CLANG_WARN_OBJC_LITERAL_CONVERSION = YES;
				CLANG_WARN_OBJC_ROOT_CLASS = YES_ERROR;
				CLANG_WARN_QUOTED_INCLUDE_IN_FRAMEWORK_HEADER = YES;
				CLANG_WARN_RANGE_LOOP_ANALYSIS = YES;
				CLANG_WARN_STRICT_PROTOTYPES = YES;
				CLANG_WARN_SUSPICIOUS_MOVE = YES;
				CLANG_WARN_UNGUARDED_AVAILABILITY = YES_AGGRESSIVE;
				CLANG_WARN_UNREACHABLE_CODE = YES;
				CLANG_WARN__DUPLICATE_METHOD_MATCH = YES;
				COPY_PHASE_STRIP = NO;
				DEBUG_INFORMATION_FORMAT = "dwarf-with-dsym";
				ENABLE_NS_ASSERTIONS = NO;
				ENABLE_STRICT_OBJC_MSGSEND = YES;
				GCC_C_LANGUAGE_STANDARD = gnu11;
				GCC_NO_COMMON_BLOCKS = YES;
				GCC_WARN_64_TO_32_BIT_CONVERSION = YES;
				GCC_WARN_ABOUT_RETURN_TYPE = YES_ERROR;
				GCC_WARN_UNDECLARED_SELECTOR = YES;
				GCC_WARN_UNINITIALIZED_AUTOS = YES_AGGRESSIVE;
				GCC_WARN_UNUSED_FUNCTION = YES;
				GCC_WARN_UNUSED_VARIABLE = YES;
				IPHONEOS_DEPLOYMENT_TARGET = 13.5;
				MTL_ENABLE_DEBUG_INFO = NO;
				MTL_FAST_MATH = YES;
				SDKROOT = iphoneos;
				SWIFT_COMPILATION_MODE = wholemodule;
				SWIFT_OPTIMIZATION_LEVEL = "-O";
				VALIDATE_PRODUCT = YES;
			};
			name = Release;
		};
		46CF672C24DC19DF00FEDF34 /* Debug */ = {
			isa = XCBuildConfiguration;
			buildSettings = {
				ASSETCATALOG_COMPILER_APPICON_NAME = AppIcon;
				ASSETCATALOG_COMPILER_GLOBAL_ACCENT_COLOR_NAME = AccentColor;
				CODE_SIGN_STYLE = Automatic;
				DEVELOPMENT_TEAM = "";
				INFOPLIST_FILE = VideoRotation/Info.plist;
				LD_RUNPATH_SEARCH_PATHS = (
					"$(inherited)",
					"@executable_path/Frameworks",
				);
				PRODUCT_BUNDLE_IDENTIFIER = com.martinprusa.VideoRotation;
				PRODUCT_NAME = "$(TARGET_NAME)";
				SWIFT_VERSION = 5.0;
				TARGETED_DEVICE_FAMILY = 1;
			};
			name = Debug;
		};
		46CF672D24DC19DF00FEDF34 /* Release */ = {
			isa = XCBuildConfiguration;
			buildSettings = {
				ASSETCATALOG_COMPILER_APPICON_NAME = AppIcon;
				ASSETCATALOG_COMPILER_GLOBAL_ACCENT_COLOR_NAME = AccentColor;
				CODE_SIGN_STYLE = Automatic;
				DEVELOPMENT_TEAM = "";
				INFOPLIST_FILE = VideoRotation/Info.plist;
				LD_RUNPATH_SEARCH_PATHS = (
					"$(inherited)",
					"@executable_path/Frameworks",
				);
				PRODUCT_BUNDLE_IDENTIFIER = com.martinprusa.VideoRotation;
				PRODUCT_NAME = "$(TARGET_NAME)";
				SWIFT_VERSION = 5.0;
				TARGETED_DEVICE_FAMILY = 1;
			};
			name = Release;
		};
		46CF672F24DC19DF00FEDF34 /* Debug */ = {
			isa = XCBuildConfiguration;
			buildSettings = {
				ALWAYS_EMBED_SWIFT_STANDARD_LIBRARIES = YES;
				BUNDLE_LOADER = "$(TEST_HOST)";
				CODE_SIGN_STYLE = Automatic;
				DEVELOPMENT_TEAM = "";
				INFOPLIST_FILE = VideoRotationTests/Info.plist;
				IPHONEOS_DEPLOYMENT_TARGET = 13.5;
				LD_RUNPATH_SEARCH_PATHS = (
					"$(inherited)",
					"@executable_path/Frameworks",
					"@loader_path/Frameworks",
				);
				PRODUCT_BUNDLE_IDENTIFIER = com.martinprusa.VideoRotationTests;
				PRODUCT_NAME = "$(TARGET_NAME)";
				SWIFT_VERSION = 5.0;
				TARGETED_DEVICE_FAMILY = "1,2";
				TEST_HOST = "$(BUILT_PRODUCTS_DIR)/VideoRotation.app/VideoRotation";
			};
			name = Debug;
		};
		46CF673024DC19DF00FEDF34 /* Release */ = {
			isa = XCBuildConfiguration;
			buildSettings = {
				ALWAYS_EMBED_SWIFT_STANDARD_LIBRARIES = YES;
				BUNDLE_LOADER = "$(TEST_HOST)";
				CODE_SIGN_STYLE = Automatic;
				DEVELOPMENT_TEAM = "";
				INFOPLIST_FILE = VideoRotationTests/Info.plist;
				IPHONEOS_DEPLOYMENT_TARGET = 13.5;
				LD_RUNPATH_SEARCH_PATHS = (
					"$(inherited)",
					"@executable_path/Frameworks",
					"@loader_path/Frameworks",
				);
				PRODUCT_BUNDLE_IDENTIFIER = com.martinprusa.VideoRotationTests;
				PRODUCT_NAME = "$(TARGET_NAME)";
				SWIFT_VERSION = 5.0;
				TARGETED_DEVICE_FAMILY = "1,2";
				TEST_HOST = "$(BUILT_PRODUCTS_DIR)/VideoRotation.app/VideoRotation";
			};
			name = Release;
		};
		46CF673224DC19DF00FEDF34 /* Debug */ = {
			isa = XCBuildConfiguration;
			buildSettings = {
				ALWAYS_EMBED_SWIFT_STANDARD_LIBRARIES = YES;
				CODE_SIGN_STYLE = Automatic;
				DEVELOPMENT_TEAM = "";
				INFOPLIST_FILE = VideoRotationUITests/Info.plist;
				LD_RUNPATH_SEARCH_PATHS = (
					"$(inherited)",
					"@executable_path/Frameworks",
					"@loader_path/Frameworks",
				);
				PRODUCT_BUNDLE_IDENTIFIER = com.martinprusa.VideoRotationUITests;
				PRODUCT_NAME = "$(TARGET_NAME)";
				SWIFT_VERSION = 5.0;
				TARGETED_DEVICE_FAMILY = "1,2";
				TEST_TARGET_NAME = VideoRotation;
			};
			name = Debug;
		};
		46CF673324DC19DF00FEDF34 /* Release */ = {
			isa = XCBuildConfiguration;
			buildSettings = {
				ALWAYS_EMBED_SWIFT_STANDARD_LIBRARIES = YES;
				CODE_SIGN_STYLE = Automatic;
				DEVELOPMENT_TEAM = "";
				INFOPLIST_FILE = VideoRotationUITests/Info.plist;
				LD_RUNPATH_SEARCH_PATHS = (
					"$(inherited)",
					"@executable_path/Frameworks",
					"@loader_path/Frameworks",
				);
				PRODUCT_BUNDLE_IDENTIFIER = com.martinprusa.VideoRotationUITests;
				PRODUCT_NAME = "$(TARGET_NAME)";
				SWIFT_VERSION = 5.0;
				TARGETED_DEVICE_FAMILY = "1,2";
				TEST_TARGET_NAME = VideoRotation;
			};
			name = Release;
		};
/* End XCBuildConfiguration section */

/* Begin XCConfigurationList section */
		46CF66FC24DC19DD00FEDF34 /* Build configuration list for PBXProject "VideoRotation" */ = {
			isa = XCConfigurationList;
			buildConfigurations = (
				46CF672924DC19DF00FEDF34 /* Debug */,
				46CF672A24DC19DF00FEDF34 /* Release */,
			);
			defaultConfigurationIsVisible = 0;
			defaultConfigurationName = Release;
		};
		46CF672B24DC19DF00FEDF34 /* Build configuration list for PBXNativeTarget "VideoRotation" */ = {
			isa = XCConfigurationList;
			buildConfigurations = (
				46CF672C24DC19DF00FEDF34 /* Debug */,
				46CF672D24DC19DF00FEDF34 /* Release */,
			);
			defaultConfigurationIsVisible = 0;
			defaultConfigurationName = Release;
		};
		46CF672E24DC19DF00FEDF34 /* Build configuration list for PBXNativeTarget "VideoRotationTests" */ = {
			isa = XCConfigurationList;
			buildConfigurations = (
				46CF672F24DC19DF00FEDF34 /* Debug */,
				46CF673024DC19DF00FEDF34 /* Release */,
			);
			defaultConfigurationIsVisible = 0;
			defaultConfigurationName = Release;
		};
		46CF673124DC19DF00FEDF34 /* Build configuration list for PBXNativeTarget "VideoRotationUITests" */ = {
			isa = XCConfigurationList;
			buildConfigurations = (
				46CF673224DC19DF00FEDF34 /* Debug */,
				46CF673324DC19DF00FEDF34 /* Release */,
			);
			defaultConfigurationIsVisible = 0;
			defaultConfigurationName = Release;
		};
/* End XCConfigurationList section */
	};
	rootObject = 46CF66F924DC19DD00FEDF34 /* Project object */;
}
